
Microsoft Visual Studio Solution File, Format Version 12.00
# Visual Studio Version 16
VisualStudioVersion = 16.0.31911.196
MinimumVisualStudioVersion = 10.0.40219.1
Project("{FAE04EC0-301F-11D3-BF4B-00C04F79EFBC}") = "directoryExp", "directoryExp\directoryExp.csproj", "{5712C906-E58F-49E1-BA30-7CFAC00D6B28}"
EndProject
Global
	GlobalSection(SolutionConfigurationPlatforms) = preSolution
		Debug|Any CPU = Debug|Any CPU
		Release|Any CPU = Release|Any CPU
	EndGlobalSection
	GlobalSection(ProjectConfigurationPlatforms) = postSolution
		{5712C906-E58F-49E1-BA30-7CFAC00D6B28}.Debug|Any CPU.ActiveCfg = Debug|Any CPU
		{5712C906-E58F-49E1-BA30-7CFAC00D6B28}.Debug|Any CPU.Build.0 = Debug|Any CPU
		{5712C906-E58F-49E1-BA30-7CFAC00D6B28}.Release|Any CPU.ActiveCfg = Release|Any CPU
		{5712C906-E58F-49E1-BA30-7CFAC00D6B28}.Release|Any CPU.Build.0 = Release|Any CPU
	EndGlobalSection
	GlobalSection(SolutionProperties) = preSolution
		HideSolutionNode = FALSE
	EndGlobalSection
	GlobalSection(ExtensibilityGlobals) = postSolution
		SolutionGuid = {C9E5A788-D59C-4EDD-B833-239B780E7E92}
	EndGlobalSection
EndGlobal
