
Microsoft Visual Studio Solution File, Format Version 12.00
# Visual Studio Version 16
VisualStudioVersion = 16.0.31911.196
MinimumVisualStudioVersion = 10.0.40219.1
Project("{FAE04EC0-301F-11D3-BF4B-00C04F79EFBC}") = "ConsoleApp1SME", "ConsoleApp1SME\ConsoleApp1SME.csproj", "{441B56E6-93FA-4144-B459-BB47662F2BBC}"
EndProject
Global
	GlobalSection(SolutionConfigurationPlatforms) = preSolution
		Debug|Any CPU = Debug|Any CPU
		Release|Any CPU = Release|Any CPU
	EndGlobalSection
	GlobalSection(ProjectConfigurationPlatforms) = postSolution
		{441B56E6-93FA-4144-B459-BB47662F2BBC}.Debug|Any CPU.ActiveCfg = Debug|Any CPU
		{441B56E6-93FA-4144-B459-BB47662F2BBC}.Debug|Any CPU.Build.0 = Debug|Any CPU
		{441B56E6-93FA-4144-B459-BB47662F2BBC}.Release|Any CPU.ActiveCfg = Release|Any CPU
		{441B56E6-93FA-4144-B459-BB47662F2BBC}.Release|Any CPU.Build.0 = Release|Any CPU
	EndGlobalSection
	GlobalSection(SolutionProperties) = preSolution
		HideSolutionNode = FALSE
	EndGlobalSection
	GlobalSection(ExtensibilityGlobals) = postSolution
		SolutionGuid = {416BD8A1-BCBE-4A15-9846-5C17B65BD03A}
	EndGlobalSection
EndGlobal
