
Microsoft Visual Studio Solution File, Format Version 12.00
# Visual Studio Version 16
VisualStudioVersion = 16.0.31911.196
MinimumVisualStudioVersion = 10.0.40219.1
Project("{FAE04EC0-301F-11D3-BF4B-00C04F79EFBC}") = "DataStructure", "DataStructure\DataStructure.csproj", "{F1DA9526-1592-43C4-8299-FF57E349194A}"
EndProject
Global
	GlobalSection(SolutionConfigurationPlatforms) = preSolution
		Debug|Any CPU = Debug|Any CPU
		Release|Any CPU = Release|Any CPU
	EndGlobalSection
	GlobalSection(ProjectConfigurationPlatforms) = postSolution
		{F1DA9526-1592-43C4-8299-FF57E349194A}.Debug|Any CPU.ActiveCfg = Debug|Any CPU
		{F1DA9526-1592-43C4-8299-FF57E349194A}.Debug|Any CPU.Build.0 = Debug|Any CPU
		{F1DA9526-1592-43C4-8299-FF57E349194A}.Release|Any CPU.ActiveCfg = Release|Any CPU
		{F1DA9526-1592-43C4-8299-FF57E349194A}.Release|Any CPU.Build.0 = Release|Any CPU
	EndGlobalSection
	GlobalSection(SolutionProperties) = preSolution
		HideSolutionNode = FALSE
	EndGlobalSection
	GlobalSection(ExtensibilityGlobals) = postSolution
		SolutionGuid = {F5B0B534-02E3-442D-973B-103D1616120B}
	EndGlobalSection
EndGlobal
