
Microsoft Visual Studio Solution File, Format Version 12.00
# Visual Studio Version 16
VisualStudioVersion = 16.0.31911.196
MinimumVisualStudioVersion = 10.0.40219.1
Project("{FAE04EC0-301F-11D3-BF4B-00C04F79EFBC}") = "nunit", "nunit\nunit.csproj", "{228D7335-01B9-4DF3-B3D4-85B74A245AC1}"
EndProject
Global
	GlobalSection(SolutionConfigurationPlatforms) = preSolution
		Debug|Any CPU = Debug|Any CPU
		Release|Any CPU = Release|Any CPU
	EndGlobalSection
	GlobalSection(ProjectConfigurationPlatforms) = postSolution
		{228D7335-01B9-4DF3-B3D4-85B74A245AC1}.Debug|Any CPU.ActiveCfg = Debug|Any CPU
		{228D7335-01B9-4DF3-B3D4-85B74A245AC1}.Debug|Any CPU.Build.0 = Debug|Any CPU
		{228D7335-01B9-4DF3-B3D4-85B74A245AC1}.Release|Any CPU.ActiveCfg = Release|Any CPU
		{228D7335-01B9-4DF3-B3D4-85B74A245AC1}.Release|Any CPU.Build.0 = Release|Any CPU
	EndGlobalSection
	GlobalSection(SolutionProperties) = preSolution
		HideSolutionNode = FALSE
	EndGlobalSection
	GlobalSection(ExtensibilityGlobals) = postSolution
		SolutionGuid = {B1A99417-2A99-4E9B-9537-AF4F09FE6A36}
	EndGlobalSection
EndGlobal
